// !$*UTF8*$!
{
	archiveVersion = 1;
	classes = {
	};
	objectVersion = 56;
	objects = {

/* Begin PBXBuildFile section */
		2FF45F822AAD921000B22904 /* RecapShoppingApp.swift in Sources */ = {isa = PBXBuildFile; fileRef = 2FF45F812AAD921000B22904 /* RecapShoppingApp.swift */; };
		2FF45F842AAD921000B22904 /* ContentView.swift in Sources */ = {isa = PBXBuildFile; fileRef = 2FF45F832AAD921000B22904 /* ContentView.swift */; };
		2FF45F862AAD921100B22904 /* Assets.xcassets in Resources */ = {isa = PBXBuildFile; fileRef = 2FF45F852AAD921100B22904 /* Assets.xcassets */; };
		2FF45F8A2AAD921100B22904 /* Preview Assets.xcassets in Resources */ = {isa = PBXBuildFile; fileRef = 2FF45F892AAD921100B22904 /* Preview Assets.xcassets */; };
		2FF45F9E2AADA51000B22904 /* MVIContainer.swift in Sources */ = {isa = PBXBuildFile; fileRef = 2FF45F9D2AADA51000B22904 /* MVIContainer.swift */; };
/* End PBXBuildFile section */

/* Begin PBXFileReference section */
		2FF45F7E2AAD921000B22904 /* RecapShopping.app */ = {isa = PBXFileReference; explicitFileType = wrapper.application; includeInIndex = 0; path = RecapShopping.app; sourceTree = BUILT_PRODUCTS_DIR; };
		2FF45F812AAD921000B22904 /* RecapShoppingApp.swift */ = {isa = PBXFileReference; lastKnownFileType = sourcecode.swift; path = RecapShoppingApp.swift; sourceTree = "<group>"; };
		2FF45F832AAD921000B22904 /* ContentView.swift */ = {isa = PBXFileReference; lastKnownFileType = sourcecode.swift; path = ContentView.swift; sourceTree = "<group>"; };
		2FF45F852AAD921100B22904 /* Assets.xcassets */ = {isa = PBXFileReference; lastKnownFileType = folder.assetcatalog; path = Assets.xcassets; sourceTree = "<group>"; };
		2FF45F872AAD921100B22904 /* RecapShopping.entitlements */ = {isa = PBXFileReference; lastKnownFileType = text.plist.entitlements; path = RecapShopping.entitlements; sourceTree = "<group>"; };
		2FF45F892AAD921100B22904 /* Preview Assets.xcassets */ = {isa = PBXFileReference; lastKnownFileType = folder.assetcatalog; path = "Preview Assets.xcassets"; sourceTree = "<group>"; };
		2FF45F9D2AADA51000B22904 /* MVIContainer.swift */ = {isa = PBXFileReference; lastKnownFileType = sourcecode.swift; path = MVIContainer.swift; sourceTree = "<group>"; };
/* End PBXFileReference section */

/* Begin PBXFrameworksBuildPhase section */
		2FF45F7B2AAD921000B22904 /* Frameworks */ = {
			isa = PBXFrameworksBuildPhase;
			buildActionMask = 2147483647;
			files = (
			);
			runOnlyForDeploymentPostprocessing = 0;
		};
/* End PBXFrameworksBuildPhase section */

/* Begin PBXGroup section */
		2FF45F752AAD921000B22904 = {
			isa = PBXGroup;
			children = (
				2FF45F802AAD921000B22904 /* RecapShopping */,
				2FF45F7F2AAD921000B22904 /* Products */,
			);
			sourceTree = "<group>";
		};
		2FF45F7F2AAD921000B22904 /* Products */ = {
			isa = PBXGroup;
			children = (
				2FF45F7E2AAD921000B22904 /* RecapShopping.app */,
			);
			name = Products;
			sourceTree = "<group>";
		};
		2FF45F802AAD921000B22904 /* RecapShopping */ = {
			isa = PBXGroup;
			children = (
				2FF45F912AAD923200B22904 /* Resource */,
				2FF45F902AAD922D00B22904 /* Source */,
				2FF45F882AAD921100B22904 /* Preview Content */,
			);
			path = RecapShopping;
			sourceTree = "<group>";
		};
		2FF45F882AAD921100B22904 /* Preview Content */ = {
			isa = PBXGroup;
			children = (
				2FF45F892AAD921100B22904 /* Preview Assets.xcassets */,
			);
			path = "Preview Content";
			sourceTree = "<group>";
		};
		2FF45F902AAD922D00B22904 /* Source */ = {
			isa = PBXGroup;
			children = (
				2FF45F9B2AADA4D700B22904 /* Screens */,
				2FF45F9A2AADA49700B22904 /* Utilites */,
				2FF45F992AADA49200B22904 /* Services */,
			);
			path = Source;
			sourceTree = "<group>";
		};
		2FF45F912AAD923200B22904 /* Resource */ = {
			isa = PBXGroup;
			children = (
				2FF45F872AAD921100B22904 /* RecapShopping.entitlements */,
				2FF45F852AAD921100B22904 /* Assets.xcassets */,
			);
			path = Resource;
			sourceTree = "<group>";
		};
		2FF45F952AAD965A00B22904 /* Tab */ = {
			isa = PBXGroup;
			children = (
			);
			path = Tab;
			sourceTree = "<group>";
		};
		2FF45F962AADA2B600B22904 /* Search */ = {
			isa = PBXGroup;
			children = (
			);
			path = Search;
			sourceTree = "<group>";
		};
		2FF45F972AADA2C400B22904 /* Like */ = {
			isa = PBXGroup;
			children = (
			);
			path = Like;
			sourceTree = "<group>";
		};
		2FF45F982AADA31F00B22904 /* ShoppingDetail */ = {
			isa = PBXGroup;
			children = (
			);
			path = ShoppingDetail;
			sourceTree = "<group>";
		};
		2FF45F992AADA49200B22904 /* Services */ = {
			isa = PBXGroup;
			children = (
			);
			path = Services;
			sourceTree = "<group>";
		};
		2FF45F9A2AADA49700B22904 /* Utilites */ = {
			isa = PBXGroup;
			children = (
				2FF45F9C2AADA50200B22904 /* MVIContainer */,
			);
			path = Utilites;
			sourceTree = "<group>";
		};
		2FF45F9B2AADA4D700B22904 /* Screens */ = {
			isa = PBXGroup;
			children = (
				2FF45F952AAD965A00B22904 /* Tab */,
				2FF45F962AADA2B600B22904 /* Search */,
				2FF45F972AADA2C400B22904 /* Like */,
				2FF45F982AADA31F00B22904 /* ShoppingDetail */,
				2FF45F812AAD921000B22904 /* RecapShoppingApp.swift */,
				2FF45F832AAD921000B22904 /* ContentView.swift */,
			);
			path = Screens;
			sourceTree = "<group>";
		};
		2FF45F9C2AADA50200B22904 /* MVIContainer */ = {
			isa = PBXGroup;
			children = (
				2FF45F9D2AADA51000B22904 /* MVIContainer.swift */,
			);
			path = MVIContainer;
			sourceTree = "<group>";
		};
/* End PBXGroup section */

/* Begin PBXNativeTarget section */
		2FF45F7D2AAD921000B22904 /* RecapShopping */ = {
			isa = PBXNativeTarget;
			buildConfigurationList = 2FF45F8D2AAD921100B22904 /* Build configuration list for PBXNativeTarget "RecapShopping" */;
			buildPhases = (
				2FF45F7A2AAD921000B22904 /* Sources */,
				2FF45F7B2AAD921000B22904 /* Frameworks */,
				2FF45F7C2AAD921000B22904 /* Resources */,
			);
			buildRules = (
			);
			dependencies = (
			);
			name = RecapShopping;
			productName = RecapShopping;
			productReference = 2FF45F7E2AAD921000B22904 /* RecapShopping.app */;
			productType = "com.apple.product-type.application";
		};
/* End PBXNativeTarget section */

/* Begin PBXProject section */
		2FF45F762AAD921000B22904 /* Project object */ = {
			isa = PBXProject;
			attributes = {
				BuildIndependentTargetsInParallel = 1;
				LastSwiftUpdateCheck = 1430;
				LastUpgradeCheck = 1430;
				TargetAttributes = {
					2FF45F7D2AAD921000B22904 = {
						CreatedOnToolsVersion = 14.3;
					};
				};
			};
			buildConfigurationList = 2FF45F792AAD921000B22904 /* Build configuration list for PBXProject "RecapShopping" */;
			compatibilityVersion = "Xcode 14.0";
			developmentRegion = en;
			hasScannedForEncodings = 0;
			knownRegions = (
				en,
				Base,
			);
			mainGroup = 2FF45F752AAD921000B22904;
			productRefGroup = 2FF45F7F2AAD921000B22904 /* Products */;
			projectDirPath = "";
			projectRoot = "";
			targets = (
				2FF45F7D2AAD921000B22904 /* RecapShopping */,
			);
		};
/* End PBXProject section */

/* Begin PBXResourcesBuildPhase section */
		2FF45F7C2AAD921000B22904 /* Resources */ = {
			isa = PBXResourcesBuildPhase;
			buildActionMask = 2147483647;
			files = (
				2FF45F8A2AAD921100B22904 /* Preview Assets.xcassets in Resources */,
				2FF45F862AAD921100B22904 /* Assets.xcassets in Resources */,
			);
			runOnlyForDeploymentPostprocessing = 0;
		};
/* End PBXResourcesBuildPhase section */

/* Begin PBXSourcesBuildPhase section */
		2FF45F7A2AAD921000B22904 /* Sources */ = {
			isa = PBXSourcesBuildPhase;
			buildActionMask = 2147483647;
			files = (
				2FF45F842AAD921000B22904 /* ContentView.swift in Sources */,
				2FF45F9E2AADA51000B22904 /* MVIContainer.swift in Sources */,
				2FF45F822AAD921000B22904 /* RecapShoppingApp.swift in Sources */,
			);
			runOnlyForDeploymentPostprocessing = 0;
		};
/* End PBXSourcesBuildPhase section */

/* Begin XCBuildConfiguration section */
		2FF45F8B2AAD921100B22904 /* Debug */ = {
			isa = XCBuildConfiguration;
			buildSettings = {
				ALWAYS_SEARCH_USER_PATHS = NO;
				CLANG_ANALYZER_NONNULL = YES;
				CLANG_ANALYZER_NUMBER_OBJECT_CONVERSION = YES_AGGRESSIVE;
				CLANG_CXX_LANGUAGE_STANDARD = "gnu++20";
				CLANG_ENABLE_MODULES = YES;
				CLANG_ENABLE_OBJC_ARC = YES;
				CLANG_ENABLE_OBJC_WEAK = YES;
				CLANG_WARN_BLOCK_CAPTURE_AUTORELEASING = YES;
				CLANG_WARN_BOOL_CONVERSION = YES;
				CLANG_WARN_COMMA = YES;
				CLANG_WARN_CONSTANT_CONVERSION = YES;
				CLANG_WARN_DEPRECATED_OBJC_IMPLEMENTATIONS = YES;
				CLANG_WARN_DIRECT_OBJC_ISA_USAGE = YES_ERROR;
				CLANG_WARN_DOCUMENTATION_COMMENTS = YES;
				CLANG_WARN_EMPTY_BODY = YES;
				CLANG_WARN_ENUM_CONVERSION = YES;
				CLANG_WARN_INFINITE_RECURSION = YES;
				CLANG_WARN_INT_CONVERSION = YES;
				CLANG_WARN_NON_LITERAL_NULL_CONVERSION = YES;
				CLANG_WARN_OBJC_IMPLICIT_RETAIN_SELF = YES;
				CLANG_WARN_OBJC_LITERAL_CONVERSION = YES;
				CLANG_WARN_OBJC_ROOT_CLASS = YES_ERROR;
				CLANG_WARN_QUOTED_INCLUDE_IN_FRAMEWORK_HEADER = YES;
				CLANG_WARN_RANGE_LOOP_ANALYSIS = YES;
				CLANG_WARN_STRICT_PROTOTYPES = YES;
				CLANG_WARN_SUSPICIOUS_MOVE = YES;
				CLANG_WARN_UNGUARDED_AVAILABILITY = YES_AGGRESSIVE;
				CLANG_WARN_UNREACHABLE_CODE = YES;
				CLANG_WARN__DUPLICATE_METHOD_MATCH = YES;
				COPY_PHASE_STRIP = NO;
				DEBUG_INFORMATION_FORMAT = dwarf;
				ENABLE_STRICT_OBJC_MSGSEND = YES;
				ENABLE_TESTABILITY = YES;
				GCC_C_LANGUAGE_STANDARD = gnu11;
				GCC_DYNAMIC_NO_PIC = NO;
				GCC_NO_COMMON_BLOCKS = YES;
				GCC_OPTIMIZATION_LEVEL = 0;
				GCC_PREPROCESSOR_DEFINITIONS = (
					"DEBUG=1",
					"$(inherited)",
				);
				GCC_WARN_64_TO_32_BIT_CONVERSION = YES;
				GCC_WARN_ABOUT_RETURN_TYPE = YES_ERROR;
				GCC_WARN_UNDECLARED_SELECTOR = YES;
				GCC_WARN_UNINITIALIZED_AUTOS = YES_AGGRESSIVE;
				GCC_WARN_UNUSED_FUNCTION = YES;
				GCC_WARN_UNUSED_VARIABLE = YES;
				MTL_ENABLE_DEBUG_INFO = INCLUDE_SOURCE;
				MTL_FAST_MATH = YES;
				ONLY_ACTIVE_ARCH = YES;
				SWIFT_ACTIVE_COMPILATION_CONDITIONS = DEBUG;
				SWIFT_OPTIMIZATION_LEVEL = "-Onone";
			};
			name = Debug;
		};
		2FF45F8C2AAD921100B22904 /* Release */ = {
			isa = XCBuildConfiguration;
			buildSettings = {
				ALWAYS_SEARCH_USER_PATHS = NO;
				CLANG_ANALYZER_NONNULL = YES;
				CLANG_ANALYZER_NUMBER_OBJECT_CONVERSION = YES_AGGRESSIVE;
				CLANG_CXX_LANGUAGE_STANDARD = "gnu++20";
				CLANG_ENABLE_MODULES = YES;
				CLANG_ENABLE_OBJC_ARC = YES;
				CLANG_ENABLE_OBJC_WEAK = YES;
				CLANG_WARN_BLOCK_CAPTURE_AUTORELEASING = YES;
				CLANG_WARN_BOOL_CONVERSION = YES;
				CLANG_WARN_COMMA = YES;
				CLANG_WARN_CONSTANT_CONVERSION = YES;
				CLANG_WARN_DEPRECATED_OBJC_IMPLEMENTATIONS = YES;
				CLANG_WARN_DIRECT_OBJC_ISA_USAGE = YES_ERROR;
				CLANG_WARN_DOCUMENTATION_COMMENTS = YES;
				CLANG_WARN_EMPTY_BODY = YES;
				CLANG_WARN_ENUM_CONVERSION = YES;
				CLANG_WARN_INFINITE_RECURSION = YES;
				CLANG_WARN_INT_CONVERSION = YES;
				CLANG_WARN_NON_LITERAL_NULL_CONVERSION = YES;
				CLANG_WARN_OBJC_IMPLICIT_RETAIN_SELF = YES;
				CLANG_WARN_OBJC_LITERAL_CONVERSION = YES;
				CLANG_WARN_OBJC_ROOT_CLASS = YES_ERROR;
				CLANG_WARN_QUOTED_INCLUDE_IN_FRAMEWORK_HEADER = YES;
				CLANG_WARN_RANGE_LOOP_ANALYSIS = YES;
				CLANG_WARN_STRICT_PROTOTYPES = YES;
				CLANG_WARN_SUSPICIOUS_MOVE = YES;
				CLANG_WARN_UNGUARDED_AVAILABILITY = YES_AGGRESSIVE;
				CLANG_WARN_UNREACHABLE_CODE = YES;
				CLANG_WARN__DUPLICATE_METHOD_MATCH = YES;
				COPY_PHASE_STRIP = NO;
				DEBUG_INFORMATION_FORMAT = "dwarf-with-dsym";
				ENABLE_NS_ASSERTIONS = NO;
				ENABLE_STRICT_OBJC_MSGSEND = YES;
				GCC_C_LANGUAGE_STANDARD = gnu11;
				GCC_NO_COMMON_BLOCKS = YES;
				GCC_WARN_64_TO_32_BIT_CONVERSION = YES;
				GCC_WARN_ABOUT_RETURN_TYPE = YES_ERROR;
				GCC_WARN_UNDECLARED_SELECTOR = YES;
				GCC_WARN_UNINITIALIZED_AUTOS = YES_AGGRESSIVE;
				GCC_WARN_UNUSED_FUNCTION = YES;
				GCC_WARN_UNUSED_VARIABLE = YES;
				MTL_ENABLE_DEBUG_INFO = NO;
				MTL_FAST_MATH = YES;
				SWIFT_COMPILATION_MODE = wholemodule;
				SWIFT_OPTIMIZATION_LEVEL = "-O";
			};
			name = Release;
		};
		2FF45F8E2AAD921100B22904 /* Debug */ = {
			isa = XCBuildConfiguration;
			buildSettings = {
				ASSETCATALOG_COMPILER_APPICON_NAME = AppIcon;
				ASSETCATALOG_COMPILER_GLOBAL_ACCENT_COLOR_NAME = AccentColor;
				CODE_SIGN_ENTITLEMENTS = RecapShopping/Resource/RecapShopping.entitlements;
				CODE_SIGN_STYLE = Automatic;
				CURRENT_PROJECT_VERSION = 1;
				DEVELOPMENT_ASSET_PATHS = "\"RecapShopping/Preview Content\"";
				DEVELOPMENT_TEAM = LL4R66V6Y3;
				ENABLE_HARDENED_RUNTIME = YES;
				ENABLE_PREVIEWS = YES;
				GENERATE_INFOPLIST_FILE = YES;
				"INFOPLIST_KEY_UIApplicationSceneManifest_Generation[sdk=iphoneos*]" = YES;
				"INFOPLIST_KEY_UIApplicationSceneManifest_Generation[sdk=iphonesimulator*]" = YES;
				"INFOPLIST_KEY_UIApplicationSupportsIndirectInputEvents[sdk=iphoneos*]" = YES;
				"INFOPLIST_KEY_UIApplicationSupportsIndirectInputEvents[sdk=iphonesimulator*]" = YES;
				"INFOPLIST_KEY_UILaunchScreen_Generation[sdk=iphoneos*]" = YES;
				"INFOPLIST_KEY_UILaunchScreen_Generation[sdk=iphonesimulator*]" = YES;
				"INFOPLIST_KEY_UIStatusBarStyle[sdk=iphoneos*]" = UIStatusBarStyleDefault;
				"INFOPLIST_KEY_UIStatusBarStyle[sdk=iphonesimulator*]" = UIStatusBarStyleDefault;
				INFOPLIST_KEY_UISupportedInterfaceOrientations_iPad = "UIInterfaceOrientationPortrait UIInterfaceOrientationPortraitUpsideDown UIInterfaceOrientationLandscapeLeft UIInterfaceOrientationLandscapeRight";
				INFOPLIST_KEY_UISupportedInterfaceOrientations_iPhone = "UIInterfaceOrientationPortrait UIInterfaceOrientationLandscapeLeft UIInterfaceOrientationLandscapeRight";
				IPHONEOS_DEPLOYMENT_TARGET = 16.4;
				LD_RUNPATH_SEARCH_PATHS = "@executable_path/Frameworks";
				"LD_RUNPATH_SEARCH_PATHS[sdk=macosx*]" = "@executable_path/../Frameworks";
				MACOSX_DEPLOYMENT_TARGET = 13.3;
				MARKETING_VERSION = 1.0;
				PRODUCT_BUNDLE_IDENTIFIER = com.cody.RecapShopping;
				PRODUCT_NAME = "$(TARGET_NAME)";
				SDKROOT = auto;
				SUPPORTED_PLATFORMS = "iphoneos iphonesimulator macosx";
				SWIFT_EMIT_LOC_STRINGS = YES;
				SWIFT_VERSION = 5.0;
				TARGETED_DEVICE_FAMILY = "1,2";
			};
			name = Debug;
		};
		2FF45F8F2AAD921100B22904 /* Release */ = {
			isa = XCBuildConfiguration;
			buildSettings = {
				ASSETCATALOG_COMPILER_APPICON_NAME = AppIcon;
				ASSETCATALOG_COMPILER_GLOBAL_ACCENT_COLOR_NAME = AccentColor;
				CODE_SIGN_ENTITLEMENTS = RecapShopping/Resources/RecapShopping.entitlements;
				CODE_SIGN_STYLE = Automatic;
				CURRENT_PROJECT_VERSION = 1;
				DEVELOPMENT_ASSET_PATHS = "\"RecapShopping/Preview Content\"";
				DEVELOPMENT_TEAM = LL4R66V6Y3;
				ENABLE_HARDENED_RUNTIME = YES;
				ENABLE_PREVIEWS = YES;
				GENERATE_INFOPLIST_FILE = YES;
				"INFOPLIST_KEY_UIApplicationSceneManifest_Generation[sdk=iphoneos*]" = YES;
				"INFOPLIST_KEY_UIApplicationSceneManifest_Generation[sdk=iphonesimulator*]" = YES;
				"INFOPLIST_KEY_UIApplicationSupportsIndirectInputEvents[sdk=iphoneos*]" = YES;
				"INFOPLIST_KEY_UIApplicationSupportsIndirectInputEvents[sdk=iphonesimulator*]" = YES;
				"INFOPLIST_KEY_UILaunchScreen_Generation[sdk=iphoneos*]" = YES;
				"INFOPLIST_KEY_UILaunchScreen_Generation[sdk=iphonesimulator*]" = YES;
				"INFOPLIST_KEY_UIStatusBarStyle[sdk=iphoneos*]" = UIStatusBarStyleDefault;
				"INFOPLIST_KEY_UIStatusBarStyle[sdk=iphonesimulator*]" = UIStatusBarStyleDefault;
				INFOPLIST_KEY_UISupportedInterfaceOrientations_iPad = "UIInterfaceOrientationPortrait UIInterfaceOrientationPortraitUpsideDown UIInterfaceOrientationLandscapeLeft UIInterfaceOrientationLandscapeRight";
				INFOPLIST_KEY_UISupportedInterfaceOrientations_iPhone = "UIInterfaceOrientationPortrait UIInterfaceOrientationLandscapeLeft UIInterfaceOrientationLandscapeRight";
				IPHONEOS_DEPLOYMENT_TARGET = 16.4;
				LD_RUNPATH_SEARCH_PATHS = "@executable_path/Frameworks";
				"LD_RUNPATH_SEARCH_PATHS[sdk=macosx*]" = "@executable_path/../Frameworks";
				MACOSX_DEPLOYMENT_TARGET = 13.3;
				MARKETING_VERSION = 1.0;
				PRODUCT_BUNDLE_IDENTIFIER = com.cody.RecapShopping;
				PRODUCT_NAME = "$(TARGET_NAME)";
				SDKROOT = auto;
				SUPPORTED_PLATFORMS = "iphoneos iphonesimulator macosx";
				SWIFT_EMIT_LOC_STRINGS = YES;
				SWIFT_VERSION = 5.0;
				TARGETED_DEVICE_FAMILY = "1,2";
			};
			name = Release;
		};
/* End XCBuildConfiguration section */

/* Begin XCConfigurationList section */
		2FF45F792AAD921000B22904 /* Build configuration list for PBXProject "RecapShopping" */ = {
			isa = XCConfigurationList;
			buildConfigurations = (
				2FF45F8B2AAD921100B22904 /* Debug */,
				2FF45F8C2AAD921100B22904 /* Release */,
			);
			defaultConfigurationIsVisible = 0;
			defaultConfigurationName = Release;
		};
		2FF45F8D2AAD921100B22904 /* Build configuration list for PBXNativeTarget "RecapShopping" */ = {
			isa = XCConfigurationList;
			buildConfigurations = (
				2FF45F8E2AAD921100B22904 /* Debug */,
				2FF45F8F2AAD921100B22904 /* Release */,
			);
			defaultConfigurationIsVisible = 0;
			defaultConfigurationName = Release;
		};
/* End XCConfigurationList section */
	};
	rootObject = 2FF45F762AAD921000B22904 /* Project object */;
}
